<?xml version="1.0" encoding="utf-8"?>
<Project ToolsVersion="4.0" xmlns="http://schemas.microsoft.com/developer/msbuild/2003">
  <ItemGroup>
    <Filter Include="Source Files">
      <UniqueIdentifier>{4FC737F1-C7A5-4376-A066-2A32D752A2FF}</UniqueIdentifier>
      <Extensions>cpp;c;cc;cxx;c++;cppm;ixx;def;odl;idl;hpj;bat;asm;asmx</Extensions>
    </Filter>
    <Filter Include="Header Files">
      <UniqueIdentifier>{93995380-89BD-4b04-88EB-625FBE52EBFB}</UniqueIdentifier>
      <Extensions>h;hh;hpp;hxx;h++;hm;inl;inc;ipp;xsd</Extensions>
    </Filter>
    <Filter Include="Resource Files">
      <UniqueIdentifier>{67DA6AB6-F800-4c08-8B7A-83BB121AAD01}</UniqueIdentifier>
      <Extensions>rc;ico;cur;bmp;dlg;rc2;rct;bin;rgs;gif;jpg;jpeg;jpe;resx;tiff;tif;png;wav;mfcribbon-ms</Extensions>
    </Filter>
    <Filter Include="Source Files\lang">
      <UniqueIdentifier>{C4A534D0-F578-4641-6E09-C557FC466879}</UniqueIdentifier>
    </Filter>
    <Filter Include="Source Files\lang\cxx">
      <UniqueIdentifier>{E1FEBAF4-0BE4-47F3-2C54-4E2C5322D56D}</UniqueIdentifier>
    </Filter>
    <Filter Include="Source Files\lang\cxx\stl">
      <UniqueIdentifier>{CF566629-D5AF-4728-6408-D9C6CE301424}</UniqueIdentifier>
    </Filter>
    <Filter Include="Header Files\lang">
      <UniqueIdentifier>{5B1350BE-C2B7-4255-83E4-D8D88D40CC41}</UniqueIdentifier>
    </Filter>
    <Filter Include="Header Files\lang\cxx">
      <UniqueIdentifier>{346DB2F6-A602-4E6B-A298-5314ABA98D12}</UniqueIdentifier>
    </Filter>
    <Filter Include="Header Files\lang\cxx\stl">
      <UniqueIdentifier>{ED0B23C5-D332-4AD8-14D6-4DA68D0162BA}</UniqueIdentifier>
    </Filter>
  </ItemGroup>
  <ItemGroup>
    <ClCompile Include="..\..\lang\cxx\stl\dbstl_container.cpp">
      <Filter>Source Files\lang\cxx\stl</Filter>
    </ClCompile>
    <ClCompile Include="..\..\lang\cxx\stl\dbstl_resource_manager.cpp">
      <Filter>Source Files\lang\cxx\stl</Filter>
    </ClCompile>
  </ItemGroup>
  <ItemGroup>
    <ClInclude Include="..\..\lang\cxx\stl\dbstl_base_iterator.h">
      <Filter>Header Files\lang\cxx\stl</Filter>
    </ClInclude>
    <ClInclude Include="..\..\lang\cxx\stl\dbstl_common.h">
      <Filter>Header Files\lang\cxx\stl</Filter>
    </ClInclude>
    <ClInclude Include="..\..\lang\cxx\stl\dbstl_container.h">
      <Filter>Header Files\lang\cxx\stl</Filter>
    </ClInclude>
    <ClInclude Include="..\..\lang\cxx\stl\dbstl_dbc.h">
      <Filter>Header Files\lang\cxx\stl</Filter>
    </ClInclude>
    <ClInclude Include="..\..\lang\cxx\stl\dbstl_dbt.h">
      <Filter>Header Files\lang\cxx\stl</Filter>
    </ClInclude>
    <ClInclude Include="..\..\lang\cxx\stl\dbstl_element_ref.h">
      <Filter>Header Files\lang\cxx\stl</Filter>
    </ClInclude>
    <ClInclude Include="..\..\lang\cxx\stl\dbstl_exception.h">
      <Filter>Header Files\lang\cxx\stl</Filter>
    </ClInclude>
    <ClInclude Include="..\..\lang\cxx\stl\dbstl_inner_utility.h">
      <Filter>Header Files\lang\cxx\stl</Filter>
    </ClInclude>
    <ClInclude Include="..\..\lang\cxx\stl\dbstl_map.h">
      <Filter>Header Files\lang\cxx\stl</Filter>
    </ClInclude>
    <ClInclude Include="..\..\lang\cxx\stl\dbstl_resource_manager.h">
      <Filter>Header Files\lang\cxx\stl</Filter>
    </ClInclude>
    <ClInclude Include="..\..\lang\cxx\stl\dbstl_set.h">
      <Filter>Header Files\lang\cxx\stl</Filter>
    </ClInclude>
    <ClInclude Include="..\..\lang\cxx\stl\dbstl_utility.h">
      <Filter>Header Files\lang\cxx\stl</Filter>
    </ClInclude>
    <ClInclude Include="..\..\lang\cxx\stl\dbstl_vector.h">
      <Filter>Header Files\lang\cxx\stl</Filter>
    </ClInclude>
  </ItemGroup>
</Project>