
Microsoft Visual Studio Solution File, Format Version 12.00
# Visual Studio 15
VisualStudioVersion = 15.0.28307.1622
MinimumVisualStudioVersion = 10.0.40219.1
Project("{8BC9CEB8-8B4A-11D0-8D11-00A0C91BC942}") = "libdb", "libdb\libdb.vcxproj", "{FD045D60-ABAD-4A6C-9794-9BFB085FC3E7}"
EndProject
Project("{8BC9CEB8-8B4A-11D0-8D11-00A0C91BC942}") = "libdb_small", "libdb_small\libdb_small.vcxproj", "{B7124116-7A43-4BF1-B727-4C8ADE40FF7F}"
EndProject
Project("{8BC9CEB8-8B4A-11D0-8D11-00A0C91BC942}") = "libdb_sql", "libdb_sql\libdb_sql.vcxproj", "{4B65E600-064A-11DF-8A39-0800200C9A66}"
	ProjectSection(ProjectDependencies) = postProject
		{FD045D60-ABAD-4A6C-9794-9BFB085FC3E7} = {FD045D60-ABAD-4A6C-9794-9BFB085FC3E7}
	EndProjectSection
EndProject
Project("{8BC9CEB8-8B4A-11D0-8D11-00A0C91BC942}") = "libdb_stl", "libdb_stl\libdb_stl.vcxproj", "{284CC197-0C66-11DE-8C30-0800200C9A66}"
	ProjectSection(ProjectDependencies) = postProject
		{FD045D60-ABAD-4A6C-9794-9BFB085FC3E7} = {FD045D60-ABAD-4A6C-9794-9BFB085FC3E7}
	EndProjectSection
EndProject
Project("{8BC9CEB8-8B4A-11D0-8D11-00A0C91BC942}") = "libdb-static", "libdb-static\libdb-static.vcxproj", "{EEFA2259-01C9-4232-8898-6576A891EB66}"
EndProject
Project("{8BC9CEB8-8B4A-11D0-8D11-00A0C91BC942}") = "libdb_small-static", "libdb_small-static\libdb_small-static.vcxproj", "{4C558B3E-4725-4FC5-89E1-6C515C598CA2}"
EndProject
Project("{8BC9CEB8-8B4A-11D0-8D11-00A0C91BC942}") = "libdb_sql-static", "libdb_sql-static\libdb_sql-static.vcxproj", "{693CE0C0-844A-44A5-9CED-78B0830819CF}"
EndProject
Project("{8BC9CEB8-8B4A-11D0-8D11-00A0C91BC942}") = "libdb_stl-static", "libdb_stl-static\libdb_stl-static.vcxproj", "{71BCA457-3ACC-4ED5-A3A1-9D6F1CCBAE4A}"
EndProject
Project("{8BC9CEB8-8B4A-11D0-8D11-00A0C91BC942}") = "db_archive", "apps\db_archive\db_archive.vcxproj", "{56056344-53A1-4FA6-B20B-862C0BA68953}"
	ProjectSection(ProjectDependencies) = postProject
		{FD045D60-ABAD-4A6C-9794-9BFB085FC3E7} = {FD045D60-ABAD-4A6C-9794-9BFB085FC3E7}
	EndProjectSection
EndProject
Project("{8BC9CEB8-8B4A-11D0-8D11-00A0C91BC942}") = "db_checkpoint", "apps\db_checkpoint\db_checkpoint.vcxproj", "{A3BE0163-1E6C-4235-9B6B-3A36ABB5E285}"
	ProjectSection(ProjectDependencies) = postProject
		{FD045D60-ABAD-4A6C-9794-9BFB085FC3E7} = {FD045D60-ABAD-4A6C-9794-9BFB085FC3E7}
	EndProjectSection
EndProject
Project("{8BC9CEB8-8B4A-11D0-8D11-00A0C91BC942}") = "db_deadlock", "apps\db_deadlock\db_deadlock.vcxproj", "{CD0FD995-B4D1-4907-987B-99CF3304E7E0}"
	ProjectSection(ProjectDependencies) = postProject
		{FD045D60-ABAD-4A6C-9794-9BFB085FC3E7} = {FD045D60-ABAD-4A6C-9794-9BFB085FC3E7}
	EndProjectSection
EndProject
Project("{8BC9CEB8-8B4A-11D0-8D11-00A0C91BC942}") = "db_dump", "apps\db_dump\db_dump.vcxproj", "{DB067D2C-7163-428B-AAF8-642316AB173B}"
	ProjectSection(ProjectDependencies) = postProject
		{FD045D60-ABAD-4A6C-9794-9BFB085FC3E7} = {FD045D60-ABAD-4A6C-9794-9BFB085FC3E7}
	EndProjectSection
EndProject
Project("{8BC9CEB8-8B4A-11D0-8D11-00A0C91BC942}") = "db_hotbackup", "apps\db_hotbackup\db_hotbackup.vcxproj", "{67C0DABC-353A-491F-9A77-8E2E601ED52B}"
	ProjectSection(ProjectDependencies) = postProject
		{FD045D60-ABAD-4A6C-9794-9BFB085FC3E7} = {FD045D60-ABAD-4A6C-9794-9BFB085FC3E7}
	EndProjectSection
EndProject
Project("{8BC9CEB8-8B4A-11D0-8D11-00A0C91BC942}") = "db_load", "apps\db_load\db_load.vcxproj", "{7640133F-4AB8-42DA-ADB5-95F21447F7D5}"
	ProjectSection(ProjectDependencies) = postProject
		{FD045D60-ABAD-4A6C-9794-9BFB085FC3E7} = {FD045D60-ABAD-4A6C-9794-9BFB085FC3E7}
	EndProjectSection
EndProject
Project("{8BC9CEB8-8B4A-11D0-8D11-00A0C91BC942}") = "db_log_verify", "apps\db_log_verify\db_log_verify.vcxproj", "{872961A3-877A-4B53-886D-F1FB65073608}"
	ProjectSection(ProjectDependencies) = postProject
		{FD045D60-ABAD-4A6C-9794-9BFB085FC3E7} = {FD045D60-ABAD-4A6C-9794-9BFB085FC3E7}
	EndProjectSection
EndProject
Project("{8BC9CEB8-8B4A-11D0-8D11-00A0C91BC942}") = "db_printlog", "apps\db_printlog\db_printlog.vcxproj", "{D505F51B-2B92-4850-A08F-9113D947FF4B}"
	ProjectSection(ProjectDependencies) = postProject
		{FD045D60-ABAD-4A6C-9794-9BFB085FC3E7} = {FD045D60-ABAD-4A6C-9794-9BFB085FC3E7}
	EndProjectSection
EndProject
Project("{8BC9CEB8-8B4A-11D0-8D11-00A0C91BC942}") = "db_recover", "apps\db_recover\db_recover.vcxproj", "{9E03FD51-E387-4EEF-9EEA-E71707A56212}"
	ProjectSection(ProjectDependencies) = postProject
		{FD045D60-ABAD-4A6C-9794-9BFB085FC3E7} = {FD045D60-ABAD-4A6C-9794-9BFB085FC3E7}
	EndProjectSection
EndProject
Project("{8BC9CEB8-8B4A-11D0-8D11-00A0C91BC942}") = "db_replicate", "apps\db_replicate\db_replicate.vcxproj", "{2AA9FB16-F1B0-47A7-AE10-7830E4E317E2}"
	ProjectSection(ProjectDependencies) = postProject
		{FD045D60-ABAD-4A6C-9794-9BFB085FC3E7} = {FD045D60-ABAD-4A6C-9794-9BFB085FC3E7}
	EndProjectSection
EndProject
Project("{8BC9CEB8-8B4A-11D0-8D11-00A0C91BC942}") = "db_sql_codegen", "apps\db_sql_codegen\db_sql_codegen.vcxproj", "{738EE880-0E33-11DE-8C30-0800200C9A66}"
	ProjectSection(ProjectDependencies) = postProject
		{FD045D60-ABAD-4A6C-9794-9BFB085FC3E7} = {FD045D60-ABAD-4A6C-9794-9BFB085FC3E7}
	EndProjectSection
EndProject
Project("{8BC9CEB8-8B4A-11D0-8D11-00A0C91BC942}") = "db_stat", "apps\db_stat\db_stat.vcxproj", "{19D3A4CB-1C12-43D4-A94B-D2B387AD43E5}"
	ProjectSection(ProjectDependencies) = postProject
		{FD045D60-ABAD-4A6C-9794-9BFB085FC3E7} = {FD045D60-ABAD-4A6C-9794-9BFB085FC3E7}
	EndProjectSection
EndProject
Project("{8BC9CEB8-8B4A-11D0-8D11-00A0C91BC942}") = "db_tuner", "apps\db_tuner\db_tuner.vcxproj", "{A86208B6-BEEB-11DF-BCF9-116EDFD72085}"
	ProjectSection(ProjectDependencies) = postProject
		{FD045D60-ABAD-4A6C-9794-9BFB085FC3E7} = {FD045D60-ABAD-4A6C-9794-9BFB085FC3E7}
	EndProjectSection
EndProject
Project("{8BC9CEB8-8B4A-11D0-8D11-00A0C91BC942}") = "db_upgrade", "apps\db_upgrade\db_upgrade.vcxproj", "{5F4D66DB-8D75-43D4-A1BB-60A01BC6B32F}"
	ProjectSection(ProjectDependencies) = postProject
		{FD045D60-ABAD-4A6C-9794-9BFB085FC3E7} = {FD045D60-ABAD-4A6C-9794-9BFB085FC3E7}
	EndProjectSection
EndProject
Project("{8BC9CEB8-8B4A-11D0-8D11-00A0C91BC942}") = "db_verify", "apps\db_verify\db_verify.vcxproj", "{12E118CA-CAAE-4F54-AE81-8D9981AA0635}"
	ProjectSection(ProjectDependencies) = postProject
		{FD045D60-ABAD-4A6C-9794-9BFB085FC3E7} = {FD045D60-ABAD-4A6C-9794-9BFB085FC3E7}
	EndProjectSection
EndProject
Project("{8BC9CEB8-8B4A-11D0-8D11-00A0C91BC942}") = "dbsql", "apps\dbsql\dbsql.vcxproj", "{A5DB89F0-06E5-11DF-8A39-0800200C9A66}"
	ProjectSection(ProjectDependencies) = postProject
		{4B65E600-064A-11DF-8A39-0800200C9A66} = {4B65E600-064A-11DF-8A39-0800200C9A66}
		{FD045D60-ABAD-4A6C-9794-9BFB085FC3E7} = {FD045D60-ABAD-4A6C-9794-9BFB085FC3E7}
	EndProjectSection
EndProject
Project("{2150E333-8FDC-42A3-9474-1A3956D46DE8}") = "apps", "apps", "{A8E1C142-D7D3-4B70-A311-2ACD7CE38B42}"
EndProject
Global
	GlobalSection(SolutionConfigurationPlatforms) = preSolution
		Debug|Win32 = Debug|Win32
		Debug|x64 = Debug|x64
		Release|Win32 = Release|Win32
		Release|x64 = Release|x64
	EndGlobalSection
	GlobalSection(ProjectConfigurationPlatforms) = postSolution
		{FD045D60-ABAD-4A6C-9794-9BFB085FC3E7}.Debug|Win32.ActiveCfg = Debug|Win32
		{FD045D60-ABAD-4A6C-9794-9BFB085FC3E7}.Debug|Win32.Build.0 = Debug|Win32
		{FD045D60-ABAD-4A6C-9794-9BFB085FC3E7}.Debug|x64.ActiveCfg = Debug|x64
		{FD045D60-ABAD-4A6C-9794-9BFB085FC3E7}.Debug|x64.Build.0 = Debug|x64
		{FD045D60-ABAD-4A6C-9794-9BFB085FC3E7}.Release|Win32.ActiveCfg = Release|Win32
		{FD045D60-ABAD-4A6C-9794-9BFB085FC3E7}.Release|Win32.Build.0 = Release|Win32
		{FD045D60-ABAD-4A6C-9794-9BFB085FC3E7}.Release|x64.ActiveCfg = Release|x64
		{FD045D60-ABAD-4A6C-9794-9BFB085FC3E7}.Release|x64.Build.0 = Release|x64
		{B7124116-7A43-4BF1-B727-4C8ADE40FF7F}.Debug|Win32.ActiveCfg = Debug|Win32
		{B7124116-7A43-4BF1-B727-4C8ADE40FF7F}.Debug|Win32.Build.0 = Debug|Win32
		{B7124116-7A43-4BF1-B727-4C8ADE40FF7F}.Debug|x64.ActiveCfg = Debug|x64
		{B7124116-7A43-4BF1-B727-4C8ADE40FF7F}.Debug|x64.Build.0 = Debug|x64
		{B7124116-7A43-4BF1-B727-4C8ADE40FF7F}.Release|Win32.ActiveCfg = Release|Win32
		{B7124116-7A43-4BF1-B727-4C8ADE40FF7F}.Release|Win32.Build.0 = Release|Win32
		{B7124116-7A43-4BF1-B727-4C8ADE40FF7F}.Release|x64.ActiveCfg = Release|x64
		{B7124116-7A43-4BF1-B727-4C8ADE40FF7F}.Release|x64.Build.0 = Release|x64
		{4B65E600-064A-11DF-8A39-0800200C9A66}.Debug|Win32.ActiveCfg = Debug|Win32
		{4B65E600-064A-11DF-8A39-0800200C9A66}.Debug|Win32.Build.0 = Debug|Win32
		{4B65E600-064A-11DF-8A39-0800200C9A66}.Debug|x64.ActiveCfg = Debug|x64
		{4B65E600-064A-11DF-8A39-0800200C9A66}.Debug|x64.Build.0 = Debug|x64
		{4B65E600-064A-11DF-8A39-0800200C9A66}.Release|Win32.ActiveCfg = Release|Win32
		{4B65E600-064A-11DF-8A39-0800200C9A66}.Release|Win32.Build.0 = Release|Win32
		{4B65E600-064A-11DF-8A39-0800200C9A66}.Release|x64.ActiveCfg = Release|x64
		{4B65E600-064A-11DF-8A39-0800200C9A66}.Release|x64.Build.0 = Release|x64
		{284CC197-0C66-11DE-8C30-0800200C9A66}.Debug|Win32.ActiveCfg = Debug|Win32
		{284CC197-0C66-11DE-8C30-0800200C9A66}.Debug|Win32.Build.0 = Debug|Win32
		{284CC197-0C66-11DE-8C30-0800200C9A66}.Debug|x64.ActiveCfg = Debug|x64
		{284CC197-0C66-11DE-8C30-0800200C9A66}.Debug|x64.Build.0 = Debug|x64
		{284CC197-0C66-11DE-8C30-0800200C9A66}.Release|Win32.ActiveCfg = Release|Win32
		{284CC197-0C66-11DE-8C30-0800200C9A66}.Release|Win32.Build.0 = Release|Win32
		{284CC197-0C66-11DE-8C30-0800200C9A66}.Release|x64.ActiveCfg = Release|x64
		{284CC197-0C66-11DE-8C30-0800200C9A66}.Release|x64.Build.0 = Release|x64
		{EEFA2259-01C9-4232-8898-6576A891EB66}.Debug|Win32.ActiveCfg = Debug|Win32
		{EEFA2259-01C9-4232-8898-6576A891EB66}.Debug|Win32.Build.0 = Debug|Win32
		{EEFA2259-01C9-4232-8898-6576A891EB66}.Debug|x64.ActiveCfg = Debug|x64
		{EEFA2259-01C9-4232-8898-6576A891EB66}.Debug|x64.Build.0 = Debug|x64
		{EEFA2259-01C9-4232-8898-6576A891EB66}.Release|Win32.ActiveCfg = Release|Win32
		{EEFA2259-01C9-4232-8898-6576A891EB66}.Release|Win32.Build.0 = Release|Win32
		{EEFA2259-01C9-4232-8898-6576A891EB66}.Release|x64.ActiveCfg = Release|x64
		{EEFA2259-01C9-4232-8898-6576A891EB66}.Release|x64.Build.0 = Release|x64
		{4C558B3E-4725-4FC5-89E1-6C515C598CA2}.Debug|Win32.ActiveCfg = Debug|Win32
		{4C558B3E-4725-4FC5-89E1-6C515C598CA2}.Debug|Win32.Build.0 = Debug|Win32
		{4C558B3E-4725-4FC5-89E1-6C515C598CA2}.Debug|x64.ActiveCfg = Debug|x64
		{4C558B3E-4725-4FC5-89E1-6C515C598CA2}.Debug|x64.Build.0 = Debug|x64
		{4C558B3E-4725-4FC5-89E1-6C515C598CA2}.Release|Win32.ActiveCfg = Release|Win32
		{4C558B3E-4725-4FC5-89E1-6C515C598CA2}.Release|Win32.Build.0 = Release|Win32
		{4C558B3E-4725-4FC5-89E1-6C515C598CA2}.Release|x64.ActiveCfg = Release|x64
		{4C558B3E-4725-4FC5-89E1-6C515C598CA2}.Release|x64.Build.0 = Release|x64
		{693CE0C0-844A-44A5-9CED-78B0830819CF}.Debug|Win32.ActiveCfg = Debug|Win32
		{693CE0C0-844A-44A5-9CED-78B0830819CF}.Debug|Win32.Build.0 = Debug|Win32
		{693CE0C0-844A-44A5-9CED-78B0830819CF}.Debug|x64.ActiveCfg = Debug|x64
		{693CE0C0-844A-44A5-9CED-78B0830819CF}.Debug|x64.Build.0 = Debug|x64
		{693CE0C0-844A-44A5-9CED-78B0830819CF}.Release|Win32.ActiveCfg = Release|Win32
		{693CE0C0-844A-44A5-9CED-78B0830819CF}.Release|Win32.Build.0 = Release|Win32
		{693CE0C0-844A-44A5-9CED-78B0830819CF}.Release|x64.ActiveCfg = Release|x64
		{693CE0C0-844A-44A5-9CED-78B0830819CF}.Release|x64.Build.0 = Release|x64
		{71BCA457-3ACC-4ED5-A3A1-9D6F1CCBAE4A}.Debug|Win32.ActiveCfg = Debug|Win32
		{71BCA457-3ACC-4ED5-A3A1-9D6F1CCBAE4A}.Debug|Win32.Build.0 = Debug|Win32
		{71BCA457-3ACC-4ED5-A3A1-9D6F1CCBAE4A}.Debug|x64.ActiveCfg = Debug|x64
		{71BCA457-3ACC-4ED5-A3A1-9D6F1CCBAE4A}.Debug|x64.Build.0 = Debug|x64
		{71BCA457-3ACC-4ED5-A3A1-9D6F1CCBAE4A}.Release|Win32.ActiveCfg = Release|Win32
		{71BCA457-3ACC-4ED5-A3A1-9D6F1CCBAE4A}.Release|Win32.Build.0 = Release|Win32
		{71BCA457-3ACC-4ED5-A3A1-9D6F1CCBAE4A}.Release|x64.ActiveCfg = Release|x64
		{71BCA457-3ACC-4ED5-A3A1-9D6F1CCBAE4A}.Release|x64.Build.0 = Release|x64
		{56056344-53A1-4FA6-B20B-862C0BA68953}.Debug|Win32.ActiveCfg = Debug|Win32
		{56056344-53A1-4FA6-B20B-862C0BA68953}.Debug|Win32.Build.0 = Debug|Win32
		{56056344-53A1-4FA6-B20B-862C0BA68953}.Debug|x64.ActiveCfg = Debug|x64
		{56056344-53A1-4FA6-B20B-862C0BA68953}.Debug|x64.Build.0 = Debug|x64
		{56056344-53A1-4FA6-B20B-862C0BA68953}.Release|Win32.ActiveCfg = Release|Win32
		{56056344-53A1-4FA6-B20B-862C0BA68953}.Release|Win32.Build.0 = Release|Win32
		{56056344-53A1-4FA6-B20B-862C0BA68953}.Release|x64.ActiveCfg = Release|x64
		{56056344-53A1-4FA6-B20B-862C0BA68953}.Release|x64.Build.0 = Release|x64
		{A3BE0163-1E6C-4235-9B6B-3A36ABB5E285}.Debug|Win32.ActiveCfg = Debug|Win32
		{A3BE0163-1E6C-4235-9B6B-3A36ABB5E285}.Debug|Win32.Build.0 = Debug|Win32
		{A3BE0163-1E6C-4235-9B6B-3A36ABB5E285}.Debug|x64.ActiveCfg = Debug|x64
		{A3BE0163-1E6C-4235-9B6B-3A36ABB5E285}.Debug|x64.Build.0 = Debug|x64
		{A3BE0163-1E6C-4235-9B6B-3A36ABB5E285}.Release|Win32.ActiveCfg = Release|Win32
		{A3BE0163-1E6C-4235-9B6B-3A36ABB5E285}.Release|Win32.Build.0 = Release|Win32
		{A3BE0163-1E6C-4235-9B6B-3A36ABB5E285}.Release|x64.ActiveCfg = Release|x64
		{A3BE0163-1E6C-4235-9B6B-3A36ABB5E285}.Release|x64.Build.0 = Release|x64
		{CD0FD995-B4D1-4907-987B-99CF3304E7E0}.Debug|Win32.ActiveCfg = Debug|Win32
		{CD0FD995-B4D1-4907-987B-99CF3304E7E0}.Debug|Win32.Build.0 = Debug|Win32
		{CD0FD995-B4D1-4907-987B-99CF3304E7E0}.Debug|x64.ActiveCfg = Debug|x64
		{CD0FD995-B4D1-4907-987B-99CF3304E7E0}.Debug|x64.Build.0 = Debug|x64
		{CD0FD995-B4D1-4907-987B-99CF3304E7E0}.Release|Win32.ActiveCfg = Release|Win32
		{CD0FD995-B4D1-4907-987B-99CF3304E7E0}.Release|Win32.Build.0 = Release|Win32
		{CD0FD995-B4D1-4907-987B-99CF3304E7E0}.Release|x64.ActiveCfg = Release|x64
		{CD0FD995-B4D1-4907-987B-99CF3304E7E0}.Release|x64.Build.0 = Release|x64
		{DB067D2C-7163-428B-AAF8-642316AB173B}.Debug|Win32.ActiveCfg = Debug|Win32
		{DB067D2C-7163-428B-AAF8-642316AB173B}.Debug|Win32.Build.0 = Debug|Win32
		{DB067D2C-7163-428B-AAF8-642316AB173B}.Debug|x64.ActiveCfg = Debug|x64
		{DB067D2C-7163-428B-AAF8-642316AB173B}.Debug|x64.Build.0 = Debug|x64
		{DB067D2C-7163-428B-AAF8-642316AB173B}.Release|Win32.ActiveCfg = Release|Win32
		{DB067D2C-7163-428B-AAF8-642316AB173B}.Release|Win32.Build.0 = Release|Win32
		{DB067D2C-7163-428B-AAF8-642316AB173B}.Release|x64.ActiveCfg = Release|x64
		{DB067D2C-7163-428B-AAF8-642316AB173B}.Release|x64.Build.0 = Release|x64
		{67C0DABC-353A-491F-9A77-8E2E601ED52B}.Debug|Win32.ActiveCfg = Debug|Win32
		{67C0DABC-353A-491F-9A77-8E2E601ED52B}.Debug|Win32.Build.0 = Debug|Win32
		{67C0DABC-353A-491F-9A77-8E2E601ED52B}.Debug|x64.ActiveCfg = Debug|x64
		{67C0DABC-353A-491F-9A77-8E2E601ED52B}.Debug|x64.Build.0 = Debug|x64
		{67C0DABC-353A-491F-9A77-8E2E601ED52B}.Release|Win32.ActiveCfg = Release|Win32
		{67C0DABC-353A-491F-9A77-8E2E601ED52B}.Release|Win32.Build.0 = Release|Win32
		{67C0DABC-353A-491F-9A77-8E2E601ED52B}.Release|x64.ActiveCfg = Release|x64
		{67C0DABC-353A-491F-9A77-8E2E601ED52B}.Release|x64.Build.0 = Release|x64
		{7640133F-4AB8-42DA-ADB5-95F21447F7D5}.Debug|Win32.ActiveCfg = Debug|Win32
		{7640133F-4AB8-42DA-ADB5-95F21447F7D5}.Debug|Win32.Build.0 = Debug|Win32
		{7640133F-4AB8-42DA-ADB5-95F21447F7D5}.Debug|x64.ActiveCfg = Debug|x64
		{7640133F-4AB8-42DA-ADB5-95F21447F7D5}.Debug|x64.Build.0 = Debug|x64
		{7640133F-4AB8-42DA-ADB5-95F21447F7D5}.Release|Win32.ActiveCfg = Release|Win32
		{7640133F-4AB8-42DA-ADB5-95F21447F7D5}.Release|Win32.Build.0 = Release|Win32
		{7640133F-4AB8-42DA-ADB5-95F21447F7D5}.Release|x64.ActiveCfg = Release|x64
		{7640133F-4AB8-42DA-ADB5-95F21447F7D5}.Release|x64.Build.0 = Release|x64
		{872961A3-877A-4B53-886D-F1FB65073608}.Debug|Win32.ActiveCfg = Debug|Win32
		{872961A3-877A-4B53-886D-F1FB65073608}.Debug|Win32.Build.0 = Debug|Win32
		{872961A3-877A-4B53-886D-F1FB65073608}.Debug|x64.ActiveCfg = Debug|x64
		{872961A3-877A-4B53-886D-F1FB65073608}.Debug|x64.Build.0 = Debug|x64
		{872961A3-877A-4B53-886D-F1FB65073608}.Release|Win32.ActiveCfg = Release|Win32
		{872961A3-877A-4B53-886D-F1FB65073608}.Release|Win32.Build.0 = Release|Win32
		{872961A3-877A-4B53-886D-F1FB65073608}.Release|x64.ActiveCfg = Release|x64
		{872961A3-877A-4B53-886D-F1FB65073608}.Release|x64.Build.0 = Release|x64
		{D505F51B-2B92-4850-A08F-9113D947FF4B}.Debug|Win32.ActiveCfg = Debug|Win32
		{D505F51B-2B92-4850-A08F-9113D947FF4B}.Debug|Win32.Build.0 = Debug|Win32
		{D505F51B-2B92-4850-A08F-9113D947FF4B}.Debug|x64.ActiveCfg = Debug|x64
		{D505F51B-2B92-4850-A08F-9113D947FF4B}.Debug|x64.Build.0 = Debug|x64
		{D505F51B-2B92-4850-A08F-9113D947FF4B}.Release|Win32.ActiveCfg = Release|Win32
		{D505F51B-2B92-4850-A08F-9113D947FF4B}.Release|Win32.Build.0 = Release|Win32
		{D505F51B-2B92-4850-A08F-9113D947FF4B}.Release|x64.ActiveCfg = Release|x64
		{D505F51B-2B92-4850-A08F-9113D947FF4B}.Release|x64.Build.0 = Release|x64
		{9E03FD51-E387-4EEF-9EEA-E71707A56212}.Debug|Win32.ActiveCfg = Debug|Win32
		{9E03FD51-E387-4EEF-9EEA-E71707A56212}.Debug|Win32.Build.0 = Debug|Win32
		{9E03FD51-E387-4EEF-9EEA-E71707A56212}.Debug|x64.ActiveCfg = Debug|x64
		{9E03FD51-E387-4EEF-9EEA-E71707A56212}.Debug|x64.Build.0 = Debug|x64
		{9E03FD51-E387-4EEF-9EEA-E71707A56212}.Release|Win32.ActiveCfg = Release|Win32
		{9E03FD51-E387-4EEF-9EEA-E71707A56212}.Release|Win32.Build.0 = Release|Win32
		{9E03FD51-E387-4EEF-9EEA-E71707A56212}.Release|x64.ActiveCfg = Release|x64
		{9E03FD51-E387-4EEF-9EEA-E71707A56212}.Release|x64.Build.0 = Release|x64
		{2AA9FB16-F1B0-47A7-AE10-7830E4E317E2}.Debug|Win32.ActiveCfg = Debug|Win32
		{2AA9FB16-F1B0-47A7-AE10-7830E4E317E2}.Debug|Win32.Build.0 = Debug|Win32
		{2AA9FB16-F1B0-47A7-AE10-7830E4E317E2}.Debug|x64.ActiveCfg = Debug|x64
		{2AA9FB16-F1B0-47A7-AE10-7830E4E317E2}.Debug|x64.Build.0 = Debug|x64
		{2AA9FB16-F1B0-47A7-AE10-7830E4E317E2}.Release|Win32.ActiveCfg = Release|Win32
		{2AA9FB16-F1B0-47A7-AE10-7830E4E317E2}.Release|Win32.Build.0 = Release|Win32
		{2AA9FB16-F1B0-47A7-AE10-7830E4E317E2}.Release|x64.ActiveCfg = Release|x64
		{2AA9FB16-F1B0-47A7-AE10-7830E4E317E2}.Release|x64.Build.0 = Release|x64
		{738EE880-0E33-11DE-8C30-0800200C9A66}.Debug|Win32.ActiveCfg = Debug|Win32
		{738EE880-0E33-11DE-8C30-0800200C9A66}.Debug|Win32.Build.0 = Debug|Win32
		{738EE880-0E33-11DE-8C30-0800200C9A66}.Debug|x64.ActiveCfg = Debug|x64
		{738EE880-0E33-11DE-8C30-0800200C9A66}.Debug|x64.Build.0 = Debug|x64
		{738EE880-0E33-11DE-8C30-0800200C9A66}.Release|Win32.ActiveCfg = Release|Win32
		{738EE880-0E33-11DE-8C30-0800200C9A66}.Release|Win32.Build.0 = Release|Win32
		{738EE880-0E33-11DE-8C30-0800200C9A66}.Release|x64.ActiveCfg = Release|x64
		{738EE880-0E33-11DE-8C30-0800200C9A66}.Release|x64.Build.0 = Release|x64
		{19D3A4CB-1C12-43D4-A94B-D2B387AD43E5}.Debug|Win32.ActiveCfg = Debug|Win32
		{19D3A4CB-1C12-43D4-A94B-D2B387AD43E5}.Debug|Win32.Build.0 = Debug|Win32
		{19D3A4CB-1C12-43D4-A94B-D2B387AD43E5}.Debug|x64.ActiveCfg = Debug|x64
		{19D3A4CB-1C12-43D4-A94B-D2B387AD43E5}.Debug|x64.Build.0 = Debug|x64
		{19D3A4CB-1C12-43D4-A94B-D2B387AD43E5}.Release|Win32.ActiveCfg = Release|Win32
		{19D3A4CB-1C12-43D4-A94B-D2B387AD43E5}.Release|Win32.Build.0 = Release|Win32
		{19D3A4CB-1C12-43D4-A94B-D2B387AD43E5}.Release|x64.ActiveCfg = Release|x64
		{19D3A4CB-1C12-43D4-A94B-D2B387AD43E5}.Release|x64.Build.0 = Release|x64
		{A86208B6-BEEB-11DF-BCF9-116EDFD72085}.Debug|Win32.ActiveCfg = Debug|Win32
		{A86208B6-BEEB-11DF-BCF9-116EDFD72085}.Debug|Win32.Build.0 = Debug|Win32
		{A86208B6-BEEB-11DF-BCF9-116EDFD72085}.Debug|x64.ActiveCfg = Debug|x64
		{A86208B6-BEEB-11DF-BCF9-116EDFD72085}.Debug|x64.Build.0 = Debug|x64
		{A86208B6-BEEB-11DF-BCF9-116EDFD72085}.Release|Win32.ActiveCfg = Release|Win32
		{A86208B6-BEEB-11DF-BCF9-116EDFD72085}.Release|Win32.Build.0 = Release|Win32
		{A86208B6-BEEB-11DF-BCF9-116EDFD72085}.Release|x64.ActiveCfg = Release|x64
		{A86208B6-BEEB-11DF-BCF9-116EDFD72085}.Release|x64.Build.0 = Release|x64
		{5F4D66DB-8D75-43D4-A1BB-60A01BC6B32F}.Debug|Win32.ActiveCfg = Debug|Win32
		{5F4D66DB-8D75-43D4-A1BB-60A01BC6B32F}.Debug|Win32.Build.0 = Debug|Win32
		{5F4D66DB-8D75-43D4-A1BB-60A01BC6B32F}.Debug|x64.ActiveCfg = Debug|x64
		{5F4D66DB-8D75-43D4-A1BB-60A01BC6B32F}.Debug|x64.Build.0 = Debug|x64
		{5F4D66DB-8D75-43D4-A1BB-60A01BC6B32F}.Release|Win32.ActiveCfg = Release|Win32
		{5F4D66DB-8D75-43D4-A1BB-60A01BC6B32F}.Release|Win32.Build.0 = Release|Win32
		{5F4D66DB-8D75-43D4-A1BB-60A01BC6B32F}.Release|x64.ActiveCfg = Release|x64
		{5F4D66DB-8D75-43D4-A1BB-60A01BC6B32F}.Release|x64.Build.0 = Release|x64
		{12E118CA-CAAE-4F54-AE81-8D9981AA0635}.Debug|Win32.ActiveCfg = Debug|Win32
		{12E118CA-CAAE-4F54-AE81-8D9981AA0635}.Debug|Win32.Build.0 = Debug|Win32
		{12E118CA-CAAE-4F54-AE81-8D9981AA0635}.Debug|x64.ActiveCfg = Debug|x64
		{12E118CA-CAAE-4F54-AE81-8D9981AA0635}.Debug|x64.Build.0 = Debug|x64
		{12E118CA-CAAE-4F54-AE81-8D9981AA0635}.Release|Win32.ActiveCfg = Release|Win32
		{12E118CA-CAAE-4F54-AE81-8D9981AA0635}.Release|Win32.Build.0 = Release|Win32
		{12E118CA-CAAE-4F54-AE81-8D9981AA0635}.Release|x64.ActiveCfg = Release|x64
		{12E118CA-CAAE-4F54-AE81-8D9981AA0635}.Release|x64.Build.0 = Release|x64
		{A5DB89F0-06E5-11DF-8A39-0800200C9A66}.Debug|Win32.ActiveCfg = Debug|Win32
		{A5DB89F0-06E5-11DF-8A39-0800200C9A66}.Debug|Win32.Build.0 = Debug|Win32
		{A5DB89F0-06E5-11DF-8A39-0800200C9A66}.Debug|x64.ActiveCfg = Debug|x64
		{A5DB89F0-06E5-11DF-8A39-0800200C9A66}.Debug|x64.Build.0 = Debug|x64
		{A5DB89F0-06E5-11DF-8A39-0800200C9A66}.Release|Win32.ActiveCfg = Release|Win32
		{A5DB89F0-06E5-11DF-8A39-0800200C9A66}.Release|Win32.Build.0 = Release|Win32
		{A5DB89F0-06E5-11DF-8A39-0800200C9A66}.Release|x64.ActiveCfg = Release|x64
		{A5DB89F0-06E5-11DF-8A39-0800200C9A66}.Release|x64.Build.0 = Release|x64
	EndGlobalSection
	GlobalSection(SolutionProperties) = preSolution
		HideSolutionNode = FALSE
	EndGlobalSection
	GlobalSection(NestedProjects) = preSolution
		{56056344-53A1-4FA6-B20B-862C0BA68953} = {A8E1C142-D7D3-4B70-A311-2ACD7CE38B42}
		{A3BE0163-1E6C-4235-9B6B-3A36ABB5E285} = {A8E1C142-D7D3-4B70-A311-2ACD7CE38B42}
		{CD0FD995-B4D1-4907-987B-99CF3304E7E0} = {A8E1C142-D7D3-4B70-A311-2ACD7CE38B42}
		{DB067D2C-7163-428B-AAF8-642316AB173B} = {A8E1C142-D7D3-4B70-A311-2ACD7CE38B42}
		{67C0DABC-353A-491F-9A77-8E2E601ED52B} = {A8E1C142-D7D3-4B70-A311-2ACD7CE38B42}
		{7640133F-4AB8-42DA-ADB5-95F21447F7D5} = {A8E1C142-D7D3-4B70-A311-2ACD7CE38B42}
		{872961A3-877A-4B53-886D-F1FB65073608} = {A8E1C142-D7D3-4B70-A311-2ACD7CE38B42}
		{D505F51B-2B92-4850-A08F-9113D947FF4B} = {A8E1C142-D7D3-4B70-A311-2ACD7CE38B42}
		{9E03FD51-E387-4EEF-9EEA-E71707A56212} = {A8E1C142-D7D3-4B70-A311-2ACD7CE38B42}
		{2AA9FB16-F1B0-47A7-AE10-7830E4E317E2} = {A8E1C142-D7D3-4B70-A311-2ACD7CE38B42}
		{738EE880-0E33-11DE-8C30-0800200C9A66} = {A8E1C142-D7D3-4B70-A311-2ACD7CE38B42}
		{19D3A4CB-1C12-43D4-A94B-D2B387AD43E5} = {A8E1C142-D7D3-4B70-A311-2ACD7CE38B42}
		{A86208B6-BEEB-11DF-BCF9-116EDFD72085} = {A8E1C142-D7D3-4B70-A311-2ACD7CE38B42}
		{5F4D66DB-8D75-43D4-A1BB-60A01BC6B32F} = {A8E1C142-D7D3-4B70-A311-2ACD7CE38B42}
		{12E118CA-CAAE-4F54-AE81-8D9981AA0635} = {A8E1C142-D7D3-4B70-A311-2ACD7CE38B42}
		{A5DB89F0-06E5-11DF-8A39-0800200C9A66} = {A8E1C142-D7D3-4B70-A311-2ACD7CE38B42}
	EndGlobalSection
	GlobalSection(ExtensibilityGlobals) = postSolution
		SolutionGuid = {720AB1ED-66C4-49CE-A837-53B484E16472}
	EndGlobalSection
EndGlobal
